// !$*UTF8*$!
{
	archiveVersion = 1;
	classes = {
	};
	objectVersion = 77;
	objects = {

/* Begin PBXBuildFile section */
		04D09CA46D9B597665215E30 /* Reminder.swift in Sources */ = {isa = PBXBuildFile; fileRef = E5D584A9B27315033A067641 /* Reminder.swift */; };
		050AE3D23850B073E502213C /* MigrationService.swift in Sources */ = {isa = PBXBuildFile; fileRef = CF585906E160C168220EA6D4 /* MigrationService.swift */; };
		06D5809DBBCC03852994EA6C /* DesignSystem.swift in Sources */ = {isa = PBXBuildFile; fileRef = E10D480A003161B27FA3A5E5 /* DesignSystem.swift */; };
		0C0609D841C372E8904030F3 /* EditReminderSheet.swift in Sources */ = {isa = PBXBuildFile; fileRef = B0EDE340993C988EC6120391 /* EditReminderSheet.swift */; };
		0CD119ACB77F9A0E30DB37BC /* AppIntents.framework in Frameworks */ = {isa = PBXBuildFile; fileRef = 13D9AD416C4DD502B8D42A44 /* AppIntents.framework */; };
		0E536D2177FA135BD6F8D19B /* Activation.swift in Sources */ = {isa = PBXBuildFile; fileRef = 60053174D20C66A58C75489A /* Activation.swift */; };
		0EEE5F6816A51858D5D6E9B8 /* CheckInMetricSelection.swift in Sources */ = {isa = PBXBuildFile; fileRef = 2D8E924384AD01142D3269B6 /* CheckInMetricSelection.swift */; };
		0F8F177102A0BD06FC0188F8 /* WidgetDailySnapshot.swift in Sources */ = {isa = PBXBuildFile; fileRef = 342179F80BE980FE8431A1F5 /* WidgetDailySnapshot.swift */; };
		10C9C700E008DC3494CE3918 /* MigrationService.swift in Sources */ = {isa = PBXBuildFile; fileRef = CF585906E160C168220EA6D4 /* MigrationService.swift */; };
		14878E88CD2D65A4D57FE2D5 /* SharedStore.swift in Sources */ = {isa = PBXBuildFile; fileRef = 9108B72C07885C34F3388C89 /* SharedStore.swift */; };
		1883589B1F504890C7A1516D /* SharedStore.swift in Sources */ = {isa = PBXBuildFile; fileRef = 9108B72C07885C34F3388C89 /* SharedStore.swift */; };
		19DA12FFA6D24A1387AFFD78 /* FrequencyPickerSheet.swift in Sources */ = {isa = PBXBuildFile; fileRef = DA000CCB06E17A9CAFCB7D0F /* FrequencyPickerSheet.swift */; };
		1A71D2726D7D5CCE9F2EBEA6 /* TimeOfDayPickerSheet.swift in Sources */ = {isa = PBXBuildFile; fileRef = 49D454120D166B509C838725 /* TimeOfDayPickerSheet.swift */; };
		1B845F42A01FF583D7928E60 /* ContentView.swift in Sources */ = {isa = PBXBuildFile; fileRef = 084EB01EACA6EE1B22998B55 /* ContentView.swift */; };
		1FA69DC4D6B6718EC524A7A0 /* App.swift in Sources */ = {isa = PBXBuildFile; fileRef = 84457511C5CE20CF1BC4E7D7 /* App.swift */; };
		204D1F8D9D3FC9D32025F147 /* WidgetEventLogger.swift in Sources */ = {isa = PBXBuildFile; fileRef = 40A979283324957A72A87738 /* WidgetEventLogger.swift */; };
		2148C5412E5C8B62461037E0 /* SupplementLogSheet.swift in Sources */ = {isa = PBXBuildFile; fileRef = 5D896B7AFF693C1A9B42E818 /* SupplementLogSheet.swift */; };
		216CAE976BD4EDEF654D0E58 /* StatsView.swift in Sources */ = {isa = PBXBuildFile; fileRef = C7933CCB9B30FA1DE6534172 /* StatsView.swift */; };
		22A5D05C1CAF7738BF8E8A2B /* SupplementLibrarySheet.swift in Sources */ = {isa = PBXBuildFile; fileRef = 286CD5132BB42438658797F6 /* SupplementLibrarySheet.swift */; };
		249D3F32CDF218C1207BB179 /* LocalStore.swift in Sources */ = {isa = PBXBuildFile; fileRef = 82A680A088669639313CFCEF /* LocalStore.swift */; };
		264633ADFEE455CF420D2C7D /* InfoPlist.strings in Resources */ = {isa = PBXBuildFile; fileRef = 599D289041238E628EDDFB17 /* InfoPlist.strings */; };
		2736821FCFFC53BD87B79723 /* ProtocolEditSheet.swift in Sources */ = {isa = PBXBuildFile; fileRef = B48061E427B06EB0CB337A23 /* ProtocolEditSheet.swift */; };
		28D668E670F8672DDC3B6EB0 /* BioTrackSnapshot.swift in Sources */ = {isa = PBXBuildFile; fileRef = 8C879573B61970941152FD2C /* BioTrackSnapshot.swift */; };
		28EC99CA1D1A09D59EAA38D0 /* ObjectivesDetailSheet.swift in Sources */ = {isa = PBXBuildFile; fileRef = 836ABD8F5B5EE18CD4B5BC1C /* ObjectivesDetailSheet.swift */; };
		2A66218FBFA751A2FF6B0F7D /* ManageRemindersSheet.swift in Sources */ = {isa = PBXBuildFile; fileRef = 7182FB1C12C4BA5B8FFDB0FA /* ManageRemindersSheet.swift */; };
		2CAB1405AFFD56D1DC26C05B /* ProtocolLogSheet.swift in Sources */ = {isa = PBXBuildFile; fileRef = 508A13927F29D14CCE10A970 /* ProtocolLogSheet.swift */; };
		2CD78D5372674FD2FCAE8B11 /* BioTrackWidgetExtension.appex in Embed Foundation Extensions */ = {isa = PBXBuildFile; fileRef = 15541ED2BD2FB71F1F2A3338 /* BioTrackWidgetExtension.appex */; settings = {ATTRIBUTES = (RemoveHeadersOnCopy, ); }; };
		2D13D7422090974CF36509C5 /* WidgetKit.framework in Frameworks */ = {isa = PBXBuildFile; fileRef = F2A485580C34A045516B47DA /* WidgetKit.framework */; };
		2D154BEB11E8BF862DF7844B /* BioTrackSnapshot.swift in Sources */ = {isa = PBXBuildFile; fileRef = 8C879573B61970941152FD2C /* BioTrackSnapshot.swift */; };
		307275C0E7819349F890C7AF /* NotificationService.swift in Sources */ = {isa = PBXBuildFile; fileRef = 933895008FB0C773003E5940 /* NotificationService.swift */; };
		33C1103A53EC69CBDF94D006 /* InsightsEngine.swift in Sources */ = {isa = PBXBuildFile; fileRef = 4A626FB0DECEFCC518C4D1DD /* InsightsEngine.swift */; };
		35694DBA8CEDB2C06D7BE2F5 /* CorrelationStatisticsTests.swift in Sources */ = {isa = PBXBuildFile; fileRef = DDF2EFA273168DE93BDDC1DD /* CorrelationStatisticsTests.swift */; };
		397CA67D3A3C372332F67993 /* ExperimentEngine.swift in Sources */ = {isa = PBXBuildFile; fileRef = B6BBAEA434662BC592A2C2B6 /* ExperimentEngine.swift */; };
		3D4163DFB197AB572074CCF3 /* CalendarHeatmap.swift in Sources */ = {isa = PBXBuildFile; fileRef = 315461430CDF05635146D382 /* CalendarHeatmap.swift */; };
		3D8E913F6B5E0DBE035AF2A5 /* ReminderNotificationScheduler.swift in Sources */ = {isa = PBXBuildFile; fileRef = 280BB927045ABB1AD55D9147 /* ReminderNotificationScheduler.swift */; };
		3EFF47C7AFF7292CAFF3727A /* RecommendationEngine.swift in Sources */ = {isa = PBXBuildFile; fileRef = 84E352D3E1607A21C051EFE5 /* RecommendationEngine.swift */; };
		47878B62637D6CA8939BA952 /* WidgetRefresh.swift in Sources */ = {isa = PBXBuildFile; fileRef = 0F0CBBBF7B3D9F66021A658B /* WidgetRefresh.swift */; };
		4CD887C9E33F53E051F47F8E /* PassphrasePromptSheet.swift in Sources */ = {isa = PBXBuildFile; fileRef = 7BAD29A7C2C52B0A3F620AFA /* PassphrasePromptSheet.swift */; };
		4DF8FA548092E964ECAB104C /* DailyCheckInSheet.swift in Sources */ = {isa = PBXBuildFile; fileRef = 7978D0848A27767DC0704D9B /* DailyCheckInSheet.swift */; };
		52E3B69B5597E672FCF97C19 /* ReminderNotificationScheduler.swift in Sources */ = {isa = PBXBuildFile; fileRef = 280BB927045ABB1AD55D9147 /* ReminderNotificationScheduler.swift */; };
		550BBDED39D2770538EB2E6D /* Protocol.swift in Sources */ = {isa = PBXBuildFile; fileRef = 4668B2B528D042F7A0D14759 /* Protocol.swift */; };
		55C30F82CACA557B01FD11AA /* DailyCheckIn.swift in Sources */ = {isa = PBXBuildFile; fileRef = 5E32413F926F6E56D5BDB75C /* DailyCheckIn.swift */; };
		5784955B77049FA82E8B4E1C /* WidgetDailySnapshot.swift in Sources */ = {isa = PBXBuildFile; fileRef = 342179F80BE980FE8431A1F5 /* WidgetDailySnapshot.swift */; };
		57A8C0EB298BA9FD6886F58E /* SecureBackupEnvelope.swift in Sources */ = {isa = PBXBuildFile; fileRef = E5AB1208E48A1DFC590AFAB0 /* SecureBackupEnvelope.swift */; };
		584BCE8D84A42BB8CD77D0CC /* PrivacyInfo.xcprivacy in Resources */ = {isa = PBXBuildFile; fileRef = F9EE6A999766D19E1D6314AF /* PrivacyInfo.xcprivacy */; };
		58F672094EDB48FC29887298 /* SettingsView.swift in Sources */ = {isa = PBXBuildFile; fileRef = 2087BDE224D715AEA3F2BDDE /* SettingsView.swift */; };
		5D1C9982FCCC25F09D9A27B0 /* Insights.swift in Sources */ = {isa = PBXBuildFile; fileRef = ABBD389D334E3B93EC954C4D /* Insights.swift */; };
		5D9AB9412A836284CE55A660 /* ProtocolTimerAttributes.swift in Sources */ = {isa = PBXBuildFile; fileRef = 761829E296E74B00FECD6089 /* ProtocolTimerAttributes.swift */; };
		5E474A6DD3FE1E80FAE5C50F /* View+Compatibility.swift in Sources */ = {isa = PBXBuildFile; fileRef = 188D70EF879A07B2B1E5A37E /* View+Compatibility.swift */; };
		5F033437CEA94BC1A83BEA96 /* DailyPlanner.swift in Sources */ = {isa = PBXBuildFile; fileRef = 06BDA916C04EB9C6F726267C /* DailyPlanner.swift */; };
		61B4467079F49E823139C4AB /* TemplatesSheet.swift in Sources */ = {isa = PBXBuildFile; fileRef = 0ECFB71410EA7296277518FB /* TemplatesSheet.swift */; };
		66262B4A0EBDF5AC47082DDC /* NOf1WizardSheet.swift in Sources */ = {isa = PBXBuildFile; fileRef = 98F8884A7FDEE475B76B56EC /* NOf1WizardSheet.swift */; };
		68160CDABD860115FC21FB18 /* Experiment.swift in Sources */ = {isa = PBXBuildFile; fileRef = 1262106619C8BBFDB054C4B0 /* Experiment.swift */; };
		68A3FEE2426844DDD430344D /* ProtocolLiveActivityWidget.swift in Sources */ = {isa = PBXBuildFile; fileRef = 7C77887DE77C78B64106AF02 /* ProtocolLiveActivityWidget.swift */; };
		6986E9A68D5A3596686F6E4C /* Metric.swift in Sources */ = {isa = PBXBuildFile; fileRef = E00882A4B3428FBA41C9409F /* Metric.swift */; };
		6BDB749882BA6B7EBE8BE1EB /* ProtocolTimerAttributes.swift in Sources */ = {isa = PBXBuildFile; fileRef = 761829E296E74B00FECD6089 /* ProtocolTimerAttributes.swift */; };
		6C2F200F5C036842BEFDCB3D /* AppGroup.swift in Sources */ = {isa = PBXBuildFile; fileRef = 6B16B0BF6DDAEE7726E7931F /* AppGroup.swift */; };
		6E7C4B16933E356B7F691552 /* ActivityKit.framework in Frameworks */ = {isa = PBXBuildFile; fileRef = A7EE6D8E545ECD2006CA0533 /* ActivityKit.framework */; };
		6E7E67CBFEC799569F4111D3 /* Experiment.swift in Sources */ = {isa = PBXBuildFile; fileRef = 1262106619C8BBFDB054C4B0 /* Experiment.swift */; };
		6F222E00979EBAC3692748D3 /* Localizable.strings in Resources */ = {isa = PBXBuildFile; fileRef = 93E7CD8F2946AAB998B82089 /* Localizable.strings */; };
		717598918481D383825D6899 /* HealthKitService.swift in Sources */ = {isa = PBXBuildFile; fileRef = A83769B201B036BF8927B681 /* HealthKitService.swift */; };
		71AFA2FC6FD5E6B3E5E52DF4 /* ProtocolOnboardingView.swift in Sources */ = {isa = PBXBuildFile; fileRef = ABD8FBE6836A94BF73569525 /* ProtocolOnboardingView.swift */; };
		740A714F3FC00F522C492970 /* LocalAnalyticsService.swift in Sources */ = {isa = PBXBuildFile; fileRef = 1AC7303B1D1CCB3BEDA2FE3B /* LocalAnalyticsService.swift */; };
		743B7A2DDEADE810AF345F92 /* RoutineEngine.swift in Sources */ = {isa = PBXBuildFile; fileRef = 2E2A3229C59C9FFC0DD4FB76 /* RoutineEngine.swift */; };
		74680F7E4D665A28334FD09F /* AppGroup.swift in Sources */ = {isa = PBXBuildFile; fileRef = 6B16B0BF6DDAEE7726E7931F /* AppGroup.swift */; };
		746ACF1CB3F2EDBA3E86251E /* Reminder.swift in Sources */ = {isa = PBXBuildFile; fileRef = E5D584A9B27315033A067641 /* Reminder.swift */; };
		76CD21213066B6EF8530852A /* InsightsEngineTests.swift in Sources */ = {isa = PBXBuildFile; fileRef = CB83DC08A8581BBB6EF018B1 /* InsightsEngineTests.swift */; };
		77114BA0873460163741E9DE /* BioTrackWidgetIntents.swift in Sources */ = {isa = PBXBuildFile; fileRef = AA83FD6F5313BF7CD5889FAF /* BioTrackWidgetIntents.swift */; };
		78AF066E7080F228EC0AAC7A /* Supplement.swift in Sources */ = {isa = PBXBuildFile; fileRef = EDF3B858DBB7862AFCE12310 /* Supplement.swift */; };
		7BD799E6F957486B9C015D85 /* RoutineProfile.swift in Sources */ = {isa = PBXBuildFile; fileRef = 5FEA68DF4AE577E739180438 /* RoutineProfile.swift */; };
		85AE35618984E95519EEB06A /* CorrelationStatistics.swift in Sources */ = {isa = PBXBuildFile; fileRef = 21EE2BEB4B5037EE7D559E7B /* CorrelationStatistics.swift */; };
		85CB6CF41C70AFB5BE6D80A0 /* TrackView.swift in Sources */ = {isa = PBXBuildFile; fileRef = 5CAB7F3A403D81BA5A8BC9EF /* TrackView.swift */; };
		87B48638A0BCA0456260DB80 /* AddSupplementForm.swift in Sources */ = {isa = PBXBuildFile; fileRef = 68D6C9B300E636DA9961DE2A /* AddSupplementForm.swift */; };
		89089C26E10B78268A4000EF /* StrikethroughCompat.swift in Sources */ = {isa = PBXBuildFile; fileRef = 80F37065C0E51E3C5CDE96AC /* StrikethroughCompat.swift */; };
		8969349C774754F14872D7BD /* Insights.swift in Sources */ = {isa = PBXBuildFile; fileRef = ABBD389D334E3B93EC954C4D /* Insights.swift */; };
		8C59E5571D02A7734CC4AA84 /* ExportService.swift in Sources */ = {isa = PBXBuildFile; fileRef = 29BE799AF4375486D0428E90 /* ExportService.swift */; };
		8FF02D29DA5F01822701CE4D /* Haptics.swift in Sources */ = {isa = PBXBuildFile; fileRef = 9668FA5D1A968F887E184C88 /* Haptics.swift */; };
		905E90FCFAA98A1FA84B1789 /* SupplementFilterSheet.swift in Sources */ = {isa = PBXBuildFile; fileRef = 18E541056A52E477625DCB97 /* SupplementFilterSheet.swift */; };
		9166815C0FF60DE0587BBC94 /* CreateMetricSheet.swift in Sources */ = {isa = PBXBuildFile; fileRef = 3C26860DF453656C16CECD19 /* CreateMetricSheet.swift */; };
		91830745A9EE48E4CB6F6762 /* Supplement.swift in Sources */ = {isa = PBXBuildFile; fileRef = EDF3B858DBB7862AFCE12310 /* Supplement.swift */; };
		9237BF7CE4C5F106807C565C /* EmptyStateView.swift in Sources */ = {isa = PBXBuildFile; fileRef = 196A7DCB204BF91EC173C071 /* EmptyStateView.swift */; };
		92B8EF230602D34306CF2D32 /* ProtocolFilterSheet.swift in Sources */ = {isa = PBXBuildFile; fileRef = D4401D9BDFDBD224B7F8D120 /* ProtocolFilterSheet.swift */; };
		930DB22DF83A0483EBAA3825 /* BioTrackWidget.swift in Sources */ = {isa = PBXBuildFile; fileRef = 52419208B9B9D80EBBEC810D /* BioTrackWidget.swift */; };
		946F2AE72B95C5BDB9988174 /* FloatingActionButton.swift in Sources */ = {isa = PBXBuildFile; fileRef = 4F4B3AAD4246A8FC0384D090 /* FloatingActionButton.swift */; };
		9758E8F8C216942CE42DBE2F /* DailyCheckIn.swift in Sources */ = {isa = PBXBuildFile; fileRef = 5E32413F926F6E56D5BDB75C /* DailyCheckIn.swift */; };
		983BB317B989FCD1A5FD245C /* HomeView.swift in Sources */ = {isa = PBXBuildFile; fileRef = 0B863E1BD3CA3DEE9C13BA7A /* HomeView.swift */; };
		A2180613397D3B1B873E054F /* AppState.swift in Sources */ = {isa = PBXBuildFile; fileRef = DBD199C7F612976656B2323F /* AppState.swift */; };
		A3C85D3EDA690E3394514B93 /* SupplementsView.swift in Sources */ = {isa = PBXBuildFile; fileRef = B67EBF0EA2765049D864759C /* SupplementsView.swift */; };
		AA08CE6BC4D5A7C9A882F30B /* EditEntrySheet.swift in Sources */ = {isa = PBXBuildFile; fileRef = 5402D332A7033B006C7949EA /* EditEntrySheet.swift */; };
		AA174829FFEB354E179CB46E /* Protocol.swift in Sources */ = {isa = PBXBuildFile; fileRef = 4668B2B528D042F7A0D14759 /* Protocol.swift */; };
		ABB4521C042E36CD42954AA2 /* MultiSeriesChart.swift in Sources */ = {isa = PBXBuildFile; fileRef = E987F23AF107CA538222BECE /* MultiSeriesChart.swift */; };
		B021BDBE5B6401428D0B8DFB /* ChecklistView.swift in Sources */ = {isa = PBXBuildFile; fileRef = D2FEE371CDAA74F9724A9456 /* ChecklistView.swift */; };
		B6C73967D5AF50E5F03FD614 /* Assets.xcassets in Resources */ = {isa = PBXBuildFile; fileRef = 633F4EDD590D86412BD4F7F2 /* Assets.xcassets */; };
		BBD42EC213C93FFD1280DED6 /* ReminderSheet.swift in Sources */ = {isa = PBXBuildFile; fileRef = 35E9B43E15C06FA9D5F8D45E /* ReminderSheet.swift */; };
		BC804BB5B09EB2D14DCAF66D /* SecureBackupEnvelope.swift in Sources */ = {isa = PBXBuildFile; fileRef = E5AB1208E48A1DFC590AFAB0 /* SecureBackupEnvelope.swift */; };
		BDC4F2B8EE9B33D107D76F33 /* RoutineProfile.swift in Sources */ = {isa = PBXBuildFile; fileRef = 5FEA68DF4AE577E739180438 /* RoutineProfile.swift */; };
		BF9A6A1694EB3D1661A028B9 /* Activation.swift in Sources */ = {isa = PBXBuildFile; fileRef = 60053174D20C66A58C75489A /* Activation.swift */; };
		BFFA741F7A166394C00CCD8A /* RoutineProfilesSettingsView.swift in Sources */ = {isa = PBXBuildFile; fileRef = 11ACD8A732224FBECED926F4 /* RoutineProfilesSettingsView.swift */; };
		C378F5763D24970BD7F6A204 /* RequiredLabel.swift in Sources */ = {isa = PBXBuildFile; fileRef = 6F349DC6CDB36226A0E093A7 /* RequiredLabel.swift */; };
		C921A9E6D27D3252FE0792A0 /* CheckInMetricSelection.swift in Sources */ = {isa = PBXBuildFile; fileRef = 2D8E924384AD01142D3269B6 /* CheckInMetricSelection.swift */; };
		CBA8B3467C7E10B03EF5A85B /* WidgetRefresh.swift in Sources */ = {isa = PBXBuildFile; fileRef = 0F0CBBBF7B3D9F66021A658B /* WidgetRefresh.swift */; };
		CD326F5A84D2C4627BB807E6 /* WidgetEventLogger.swift in Sources */ = {isa = PBXBuildFile; fileRef = 40A979283324957A72A87738 /* WidgetEventLogger.swift */; };
		CE9E995076693550935E0107 /* UnifiedCalendarView.swift in Sources */ = {isa = PBXBuildFile; fileRef = CAE3572431504B48FE92258B /* UnifiedCalendarView.swift */; };
		D4266F0D97E267F68126B611 /* CheckInMetricSelectionView.swift in Sources */ = {isa = PBXBuildFile; fileRef = 96DEA502573B65D2430101D9 /* CheckInMetricSelectionView.swift */; };
		D4EEFA13BDA22013BD54BDAB /* DailyPlanner.swift in Sources */ = {isa = PBXBuildFile; fileRef = 06BDA916C04EB9C6F726267C /* DailyPlanner.swift */; };
		D8045B92D46C0172F4A75D21 /* ChecklistViewModel.swift in Sources */ = {isa = PBXBuildFile; fileRef = 358C664436F5F18D82DB816C /* ChecklistViewModel.swift */; };
		DAF139AEB2883D5FD20D6B8A /* CategoryPickerSheet.swift in Sources */ = {isa = PBXBuildFile; fileRef = 1105CD07172E35082CDDFC5F /* CategoryPickerSheet.swift */; };
		DE52286BFBA6CA7E8A1F01BB /* SwipeableRow.swift in Sources */ = {isa = PBXBuildFile; fileRef = 027480E4507C345EE9192C57 /* SwipeableRow.swift */; };
		EE7257C86EFE15AD68E17EC3 /* Metric.swift in Sources */ = {isa = PBXBuildFile; fileRef = E00882A4B3428FBA41C9409F /* Metric.swift */; };
		F7EB293DABEEAF29115FAF33 /* SecureBackupService.swift in Sources */ = {isa = PBXBuildFile; fileRef = 800F13CD778BD45F94DFC4D9 /* SecureBackupService.swift */; };
		FC2980E7CF67EF197EDC1BEF /* ProtocolLiveActivityService.swift in Sources */ = {isa = PBXBuildFile; fileRef = 847AC89C97AD44F29E6F5E2B /* ProtocolLiveActivityService.swift */; };
		FC2FC4192005B18DE134987A /* BioTrackWidgetBundle.swift in Sources */ = {isa = PBXBuildFile; fileRef = 6EDEFB238DADA2A7DD992458 /* BioTrackWidgetBundle.swift */; };
		FE8A93B861D24A50BC75746B /* StreakEngine.swift in Sources */ = {isa = PBXBuildFile; fileRef = FE0E596848DAA75FA490A9D0 /* StreakEngine.swift */; };
		FEB89512DCDB704A80B966A5 /* FeatureFlags.swift in Sources */ = {isa = PBXBuildFile; fileRef = 67264C6BC1C5A4F7DB2CDE93 /* FeatureFlags.swift */; };
		FED0698D79FD94D314253A46 /* ProtocolsView.swift in Sources */ = {isa = PBXBuildFile; fileRef = CD708BB488DB5B536F436199 /* ProtocolsView.swift */; };
/* End PBXBuildFile section */

/* Begin PBXContainerItemProxy section */
		6828294BDF863FB13C118A42 /* PBXContainerItemProxy */ = {
			isa = PBXContainerItemProxy;
			containerPortal = 63CE1027556EA7F5402BC30B /* Project object */;
			proxyType = 1;
			remoteGlobalIDString = 458A65D4D3A30AB44AF90E8E;
			remoteInfo = BioTrackWidgetExtension;
		};
		C6B92EA1F02453EDABF06F7C /* PBXContainerItemProxy */ = {
			isa = PBXContainerItemProxy;
			containerPortal = 63CE1027556EA7F5402BC30B /* Project object */;
			proxyType = 1;
			remoteGlobalIDString = 9092B67F1DFD51C1F75F7CA9;
			remoteInfo = BioTrack;
		};
/* End PBXContainerItemProxy section */

/* Begin PBXCopyFilesBuildPhase section */
		20555B5B2EE1419F622DEFD6 /* Embed Foundation Extensions */ = {
			isa = PBXCopyFilesBuildPhase;
			buildActionMask = 2147483647;
			dstPath = "";
			dstSubfolderSpec = 13;
			files = (
				2CD78D5372674FD2FCAE8B11 /* BioTrackWidgetExtension.appex in Embed Foundation Extensions */,
			);
			name = "Embed Foundation Extensions";
			runOnlyForDeploymentPostprocessing = 0;
		};
/* End PBXCopyFilesBuildPhase section */

/* Begin PBXFileReference section */
		027480E4507C345EE9192C57 /* SwipeableRow.swift */ = {isa = PBXFileReference; lastKnownFileType = sourcecode.swift; path = SwipeableRow.swift; sourceTree = "<group>"; };
		06BDA916C04EB9C6F726267C /* DailyPlanner.swift */ = {isa = PBXFileReference; lastKnownFileType = sourcecode.swift; path = DailyPlanner.swift; sourceTree = "<group>"; };
		084EB01EACA6EE1B22998B55 /* ContentView.swift */ = {isa = PBXFileReference; lastKnownFileType = sourcecode.swift; path = ContentView.swift; sourceTree = "<group>"; };
		0B863E1BD3CA3DEE9C13BA7A /* HomeView.swift */ = {isa = PBXFileReference; lastKnownFileType = sourcecode.swift; path = HomeView.swift; sourceTree = "<group>"; };
		0ECFB71410EA7296277518FB /* TemplatesSheet.swift */ = {isa = PBXFileReference; lastKnownFileType = sourcecode.swift; path = TemplatesSheet.swift; sourceTree = "<group>"; };
		0F0CBBBF7B3D9F66021A658B /* WidgetRefresh.swift */ = {isa = PBXFileReference; lastKnownFileType = sourcecode.swift; path = WidgetRefresh.swift; sourceTree = "<group>"; };
		1105CD07172E35082CDDFC5F /* CategoryPickerSheet.swift */ = {isa = PBXFileReference; lastKnownFileType = sourcecode.swift; path = CategoryPickerSheet.swift; sourceTree = "<group>"; };
		11ACD8A732224FBECED926F4 /* RoutineProfilesSettingsView.swift */ = {isa = PBXFileReference; lastKnownFileType = sourcecode.swift; path = RoutineProfilesSettingsView.swift; sourceTree = "<group>"; };
		1262106619C8BBFDB054C4B0 /* Experiment.swift */ = {isa = PBXFileReference; lastKnownFileType = sourcecode.swift; path = Experiment.swift; sourceTree = "<group>"; };
		13D9AD416C4DD502B8D42A44 /* AppIntents.framework */ = {isa = PBXFileReference; lastKnownFileType = wrapper.framework; name = AppIntents.framework; path = System/Library/Frameworks/AppIntents.framework; sourceTree = SDKROOT; };
		15541ED2BD2FB71F1F2A3338 /* BioTrackWidgetExtension.appex */ = {isa = PBXFileReference; includeInIndex = 0; lastKnownFileType = "wrapper.app-extension"; path = BioTrackWidgetExtension.appex; sourceTree = BUILT_PRODUCTS_DIR; };
		188D70EF879A07B2B1E5A37E /* View+Compatibility.swift */ = {isa = PBXFileReference; lastKnownFileType = sourcecode.swift; path = "View+Compatibility.swift"; sourceTree = "<group>"; };
		18E541056A52E477625DCB97 /* SupplementFilterSheet.swift */ = {isa = PBXFileReference; lastKnownFileType = sourcecode.swift; path = SupplementFilterSheet.swift; sourceTree = "<group>"; };
		196A7DCB204BF91EC173C071 /* EmptyStateView.swift */ = {isa = PBXFileReference; lastKnownFileType = sourcecode.swift; path = EmptyStateView.swift; sourceTree = "<group>"; };
		1AC7303B1D1CCB3BEDA2FE3B /* LocalAnalyticsService.swift */ = {isa = PBXFileReference; lastKnownFileType = sourcecode.swift; path = LocalAnalyticsService.swift; sourceTree = "<group>"; };
		2087BDE224D715AEA3F2BDDE /* SettingsView.swift */ = {isa = PBXFileReference; lastKnownFileType = sourcecode.swift; path = SettingsView.swift; sourceTree = "<group>"; };
		2141DEA8868E4DACF16A83E5 /* Info.plist */ = {isa = PBXFileReference; lastKnownFileType = text.plist; path = Info.plist; sourceTree = "<group>"; };
		21EE2BEB4B5037EE7D559E7B /* CorrelationStatistics.swift */ = {isa = PBXFileReference; lastKnownFileType = sourcecode.swift; path = CorrelationStatistics.swift; sourceTree = "<group>"; };
		26516585A824CCF6B31DA959 /* BioTrackWidgetExtension.entitlements */ = {isa = PBXFileReference; lastKnownFileType = text.plist.entitlements; path = BioTrackWidgetExtension.entitlements; sourceTree = "<group>"; };
		280BB927045ABB1AD55D9147 /* ReminderNotificationScheduler.swift */ = {isa = PBXFileReference; lastKnownFileType = sourcecode.swift; path = ReminderNotificationScheduler.swift; sourceTree = "<group>"; };
		286CD5132BB42438658797F6 /* SupplementLibrarySheet.swift */ = {isa = PBXFileReference; lastKnownFileType = sourcecode.swift; path = SupplementLibrarySheet.swift; sourceTree = "<group>"; };
		29BE799AF4375486D0428E90 /* ExportService.swift */ = {isa = PBXFileReference; lastKnownFileType = sourcecode.swift; path = ExportService.swift; sourceTree = "<group>"; };
		2D8E924384AD01142D3269B6 /* CheckInMetricSelection.swift */ = {isa = PBXFileReference; lastKnownFileType = sourcecode.swift; path = CheckInMetricSelection.swift; sourceTree = "<group>"; };
		2E2A3229C59C9FFC0DD4FB76 /* RoutineEngine.swift */ = {isa = PBXFileReference; lastKnownFileType = sourcecode.swift; path = RoutineEngine.swift; sourceTree = "<group>"; };
		315461430CDF05635146D382 /* CalendarHeatmap.swift */ = {isa = PBXFileReference; lastKnownFileType = sourcecode.swift; path = CalendarHeatmap.swift; sourceTree = "<group>"; };
		342179F80BE980FE8431A1F5 /* WidgetDailySnapshot.swift */ = {isa = PBXFileReference; lastKnownFileType = sourcecode.swift; path = WidgetDailySnapshot.swift; sourceTree = "<group>"; };
		358C664436F5F18D82DB816C /* ChecklistViewModel.swift */ = {isa = PBXFileReference; lastKnownFileType = sourcecode.swift; path = ChecklistViewModel.swift; sourceTree = "<group>"; };
		35E9B43E15C06FA9D5F8D45E /* ReminderSheet.swift */ = {isa = PBXFileReference; lastKnownFileType = sourcecode.swift; path = ReminderSheet.swift; sourceTree = "<group>"; };
		3C26860DF453656C16CECD19 /* CreateMetricSheet.swift */ = {isa = PBXFileReference; lastKnownFileType = sourcecode.swift; path = CreateMetricSheet.swift; sourceTree = "<group>"; };
		40A979283324957A72A87738 /* WidgetEventLogger.swift */ = {isa = PBXFileReference; lastKnownFileType = sourcecode.swift; path = WidgetEventLogger.swift; sourceTree = "<group>"; };
		4668B2B528D042F7A0D14759 /* Protocol.swift */ = {isa = PBXFileReference; lastKnownFileType = sourcecode.swift; path = Protocol.swift; sourceTree = "<group>"; };
		49D454120D166B509C838725 /* TimeOfDayPickerSheet.swift */ = {isa = PBXFileReference; lastKnownFileType = sourcecode.swift; path = TimeOfDayPickerSheet.swift; sourceTree = "<group>"; };
		4A626FB0DECEFCC518C4D1DD /* InsightsEngine.swift */ = {isa = PBXFileReference; lastKnownFileType = sourcecode.swift; path = InsightsEngine.swift; sourceTree = "<group>"; };
		4F4B3AAD4246A8FC0384D090 /* FloatingActionButton.swift */ = {isa = PBXFileReference; lastKnownFileType = sourcecode.swift; path = FloatingActionButton.swift; sourceTree = "<group>"; };
		508A13927F29D14CCE10A970 /* ProtocolLogSheet.swift */ = {isa = PBXFileReference; lastKnownFileType = sourcecode.swift; path = ProtocolLogSheet.swift; sourceTree = "<group>"; };
		52419208B9B9D80EBBEC810D /* BioTrackWidget.swift */ = {isa = PBXFileReference; lastKnownFileType = sourcecode.swift; path = BioTrackWidget.swift; sourceTree = "<group>"; };
		5402D332A7033B006C7949EA /* EditEntrySheet.swift */ = {isa = PBXFileReference; lastKnownFileType = sourcecode.swift; path = EditEntrySheet.swift; sourceTree = "<group>"; };
		553D79FF462F5D7CCC2EAD15 /* BioTrackTests.xctest */ = {isa = PBXFileReference; includeInIndex = 0; lastKnownFileType = wrapper.cfbundle; path = BioTrackTests.xctest; sourceTree = BUILT_PRODUCTS_DIR; };
		5CAB7F3A403D81BA5A8BC9EF /* TrackView.swift */ = {isa = PBXFileReference; lastKnownFileType = sourcecode.swift; path = TrackView.swift; sourceTree = "<group>"; };
		5D896B7AFF693C1A9B42E818 /* SupplementLogSheet.swift */ = {isa = PBXFileReference; lastKnownFileType = sourcecode.swift; path = SupplementLogSheet.swift; sourceTree = "<group>"; };
		5E32413F926F6E56D5BDB75C /* DailyCheckIn.swift */ = {isa = PBXFileReference; lastKnownFileType = sourcecode.swift; path = DailyCheckIn.swift; sourceTree = "<group>"; };
		5FEA68DF4AE577E739180438 /* RoutineProfile.swift */ = {isa = PBXFileReference; lastKnownFileType = sourcecode.swift; path = RoutineProfile.swift; sourceTree = "<group>"; };
		60053174D20C66A58C75489A /* Activation.swift */ = {isa = PBXFileReference; lastKnownFileType = sourcecode.swift; path = Activation.swift; sourceTree = "<group>"; };
		633F4EDD590D86412BD4F7F2 /* Assets.xcassets */ = {isa = PBXFileReference; lastKnownFileType = folder.assetcatalog; path = Assets.xcassets; sourceTree = "<group>"; };
		67264C6BC1C5A4F7DB2CDE93 /* FeatureFlags.swift */ = {isa = PBXFileReference; lastKnownFileType = sourcecode.swift; path = FeatureFlags.swift; sourceTree = "<group>"; };
		68D6C9B300E636DA9961DE2A /* AddSupplementForm.swift */ = {isa = PBXFileReference; lastKnownFileType = sourcecode.swift; path = AddSupplementForm.swift; sourceTree = "<group>"; };
		6B16B0BF6DDAEE7726E7931F /* AppGroup.swift */ = {isa = PBXFileReference; lastKnownFileType = sourcecode.swift; path = AppGroup.swift; sourceTree = "<group>"; };
		6B6B9737ED10A793D8156CCE /* en */ = {isa = PBXFileReference; lastKnownFileType = text.plist.strings; name = en; path = en.lproj/Localizable.strings; sourceTree = "<group>"; };
		6EDEFB238DADA2A7DD992458 /* BioTrackWidgetBundle.swift */ = {isa = PBXFileReference; lastKnownFileType = sourcecode.swift; path = BioTrackWidgetBundle.swift; sourceTree = "<group>"; };
		6F349DC6CDB36226A0E093A7 /* RequiredLabel.swift */ = {isa = PBXFileReference; lastKnownFileType = sourcecode.swift; path = RequiredLabel.swift; sourceTree = "<group>"; };
		7182FB1C12C4BA5B8FFDB0FA /* ManageRemindersSheet.swift */ = {isa = PBXFileReference; lastKnownFileType = sourcecode.swift; path = ManageRemindersSheet.swift; sourceTree = "<group>"; };
		761829E296E74B00FECD6089 /* ProtocolTimerAttributes.swift */ = {isa = PBXFileReference; lastKnownFileType = sourcecode.swift; path = ProtocolTimerAttributes.swift; sourceTree = "<group>"; };
		7978D0848A27767DC0704D9B /* DailyCheckInSheet.swift */ = {isa = PBXFileReference; lastKnownFileType = sourcecode.swift; path = DailyCheckInSheet.swift; sourceTree = "<group>"; };
		7BAD29A7C2C52B0A3F620AFA /* PassphrasePromptSheet.swift */ = {isa = PBXFileReference; lastKnownFileType = sourcecode.swift; path = PassphrasePromptSheet.swift; sourceTree = "<group>"; };
		7C77887DE77C78B64106AF02 /* ProtocolLiveActivityWidget.swift */ = {isa = PBXFileReference; lastKnownFileType = sourcecode.swift; path = ProtocolLiveActivityWidget.swift; sourceTree = "<group>"; };
		800F13CD778BD45F94DFC4D9 /* SecureBackupService.swift */ = {isa = PBXFileReference; lastKnownFileType = sourcecode.swift; path = SecureBackupService.swift; sourceTree = "<group>"; };
		80F37065C0E51E3C5CDE96AC /* StrikethroughCompat.swift */ = {isa = PBXFileReference; lastKnownFileType = sourcecode.swift; path = StrikethroughCompat.swift; sourceTree = "<group>"; };
		82A680A088669639313CFCEF /* LocalStore.swift */ = {isa = PBXFileReference; lastKnownFileType = sourcecode.swift; path = LocalStore.swift; sourceTree = "<group>"; };
		836ABD8F5B5EE18CD4B5BC1C /* ObjectivesDetailSheet.swift */ = {isa = PBXFileReference; lastKnownFileType = sourcecode.swift; path = ObjectivesDetailSheet.swift; sourceTree = "<group>"; };
		84457511C5CE20CF1BC4E7D7 /* App.swift */ = {isa = PBXFileReference; lastKnownFileType = sourcecode.swift; path = App.swift; sourceTree = "<group>"; };
		847AC89C97AD44F29E6F5E2B /* ProtocolLiveActivityService.swift */ = {isa = PBXFileReference; lastKnownFileType = sourcecode.swift; path = ProtocolLiveActivityService.swift; sourceTree = "<group>"; };
		84E352D3E1607A21C051EFE5 /* RecommendationEngine.swift */ = {isa = PBXFileReference; lastKnownFileType = sourcecode.swift; path = RecommendationEngine.swift; sourceTree = "<group>"; };
		85DC9D4613EA677C3E218A64 /* BioTrack.entitlements */ = {isa = PBXFileReference; lastKnownFileType = text.plist.entitlements; path = BioTrack.entitlements; sourceTree = "<group>"; };
		8C879573B61970941152FD2C /* BioTrackSnapshot.swift */ = {isa = PBXFileReference; lastKnownFileType = sourcecode.swift; path = BioTrackSnapshot.swift; sourceTree = "<group>"; };
		9108B72C07885C34F3388C89 /* SharedStore.swift */ = {isa = PBXFileReference; lastKnownFileType = sourcecode.swift; path = SharedStore.swift; sourceTree = "<group>"; };
		933895008FB0C773003E5940 /* NotificationService.swift */ = {isa = PBXFileReference; lastKnownFileType = sourcecode.swift; path = NotificationService.swift; sourceTree = "<group>"; };
		9668FA5D1A968F887E184C88 /* Haptics.swift */ = {isa = PBXFileReference; lastKnownFileType = sourcecode.swift; path = Haptics.swift; sourceTree = "<group>"; };
		96DEA502573B65D2430101D9 /* CheckInMetricSelectionView.swift */ = {isa = PBXFileReference; lastKnownFileType = sourcecode.swift; path = CheckInMetricSelectionView.swift; sourceTree = "<group>"; };
		98F8884A7FDEE475B76B56EC /* NOf1WizardSheet.swift */ = {isa = PBXFileReference; lastKnownFileType = sourcecode.swift; path = NOf1WizardSheet.swift; sourceTree = "<group>"; };
		9B4C0235A09DE7235354B99C /* fr */ = {isa = PBXFileReference; lastKnownFileType = text.plist.strings; name = fr; path = fr.lproj/InfoPlist.strings; sourceTree = "<group>"; };
		A7EE6D8E545ECD2006CA0533 /* ActivityKit.framework */ = {isa = PBXFileReference; lastKnownFileType = wrapper.framework; name = ActivityKit.framework; path = System/Library/Frameworks/ActivityKit.framework; sourceTree = SDKROOT; };
		A83077FE9DB9A94506AE0EDE /* en */ = {isa = PBXFileReference; lastKnownFileType = text.plist.strings; name = en; path = en.lproj/InfoPlist.strings; sourceTree = "<group>"; };
		A83769B201B036BF8927B681 /* HealthKitService.swift */ = {isa = PBXFileReference; lastKnownFileType = sourcecode.swift; path = HealthKitService.swift; sourceTree = "<group>"; };
		AA83FD6F5313BF7CD5889FAF /* BioTrackWidgetIntents.swift */ = {isa = PBXFileReference; lastKnownFileType = sourcecode.swift; path = BioTrackWidgetIntents.swift; sourceTree = "<group>"; };
		ABBD389D334E3B93EC954C4D /* Insights.swift */ = {isa = PBXFileReference; lastKnownFileType = sourcecode.swift; path = Insights.swift; sourceTree = "<group>"; };
		ABD8FBE6836A94BF73569525 /* ProtocolOnboardingView.swift */ = {isa = PBXFileReference; lastKnownFileType = sourcecode.swift; path = ProtocolOnboardingView.swift; sourceTree = "<group>"; };
		B0EDE340993C988EC6120391 /* EditReminderSheet.swift */ = {isa = PBXFileReference; lastKnownFileType = sourcecode.swift; path = EditReminderSheet.swift; sourceTree = "<group>"; };
		B48061E427B06EB0CB337A23 /* ProtocolEditSheet.swift */ = {isa = PBXFileReference; lastKnownFileType = sourcecode.swift; path = ProtocolEditSheet.swift; sourceTree = "<group>"; };
		B67EBF0EA2765049D864759C /* SupplementsView.swift */ = {isa = PBXFileReference; lastKnownFileType = sourcecode.swift; path = SupplementsView.swift; sourceTree = "<group>"; };
		B6BBAEA434662BC592A2C2B6 /* ExperimentEngine.swift */ = {isa = PBXFileReference; lastKnownFileType = sourcecode.swift; path = ExperimentEngine.swift; sourceTree = "<group>"; };
		C754F6647247D6EB14A46B60 /* fr */ = {isa = PBXFileReference; lastKnownFileType = text.plist.strings; name = fr; path = fr.lproj/Localizable.strings; sourceTree = "<group>"; };
		C7933CCB9B30FA1DE6534172 /* StatsView.swift */ = {isa = PBXFileReference; lastKnownFileType = sourcecode.swift; path = StatsView.swift; sourceTree = "<group>"; };
		CAE3572431504B48FE92258B /* UnifiedCalendarView.swift */ = {isa = PBXFileReference; lastKnownFileType = sourcecode.swift; path = UnifiedCalendarView.swift; sourceTree = "<group>"; };
		CB83DC08A8581BBB6EF018B1 /* InsightsEngineTests.swift */ = {isa = PBXFileReference; lastKnownFileType = sourcecode.swift; path = InsightsEngineTests.swift; sourceTree = "<group>"; };
		CD708BB488DB5B536F436199 /* ProtocolsView.swift */ = {isa = PBXFileReference; lastKnownFileType = sourcecode.swift; path = ProtocolsView.swift; sourceTree = "<group>"; };
		CF585906E160C168220EA6D4 /* MigrationService.swift */ = {isa = PBXFileReference; lastKnownFileType = sourcecode.swift; path = MigrationService.swift; sourceTree = "<group>"; };
		D2FEE371CDAA74F9724A9456 /* ChecklistView.swift */ = {isa = PBXFileReference; lastKnownFileType = sourcecode.swift; path = ChecklistView.swift; sourceTree = "<group>"; };
		D4401D9BDFDBD224B7F8D120 /* ProtocolFilterSheet.swift */ = {isa = PBXFileReference; lastKnownFileType = sourcecode.swift; path = ProtocolFilterSheet.swift; sourceTree = "<group>"; };
		D89C2005DA09EB2E1F6DFF55 /* BioTrack.app */ = {isa = PBXFileReference; includeInIndex = 0; lastKnownFileType = wrapper.application; path = BioTrack.app; sourceTree = BUILT_PRODUCTS_DIR; };
		DA000CCB06E17A9CAFCB7D0F /* FrequencyPickerSheet.swift */ = {isa = PBXFileReference; lastKnownFileType = sourcecode.swift; path = FrequencyPickerSheet.swift; sourceTree = "<group>"; };
		DBD199C7F612976656B2323F /* AppState.swift */ = {isa = PBXFileReference; lastKnownFileType = sourcecode.swift; path = AppState.swift; sourceTree = "<group>"; };
		DDF2EFA273168DE93BDDC1DD /* CorrelationStatisticsTests.swift */ = {isa = PBXFileReference; lastKnownFileType = sourcecode.swift; path = CorrelationStatisticsTests.swift; sourceTree = "<group>"; };
		E00882A4B3428FBA41C9409F /* Metric.swift */ = {isa = PBXFileReference; lastKnownFileType = sourcecode.swift; path = Metric.swift; sourceTree = "<group>"; };
		E10D480A003161B27FA3A5E5 /* DesignSystem.swift */ = {isa = PBXFileReference; lastKnownFileType = sourcecode.swift; path = DesignSystem.swift; sourceTree = "<group>"; };
		E5AB1208E48A1DFC590AFAB0 /* SecureBackupEnvelope.swift */ = {isa = PBXFileReference; lastKnownFileType = sourcecode.swift; path = SecureBackupEnvelope.swift; sourceTree = "<group>"; };
		E5D584A9B27315033A067641 /* Reminder.swift */ = {isa = PBXFileReference; lastKnownFileType = sourcecode.swift; path = Reminder.swift; sourceTree = "<group>"; };
		E987F23AF107CA538222BECE /* MultiSeriesChart.swift */ = {isa = PBXFileReference; lastKnownFileType = sourcecode.swift; path = MultiSeriesChart.swift; sourceTree = "<group>"; };
		EDF3B858DBB7862AFCE12310 /* Supplement.swift */ = {isa = PBXFileReference; lastKnownFileType = sourcecode.swift; path = Supplement.swift; sourceTree = "<group>"; };
		F2A485580C34A045516B47DA /* WidgetKit.framework */ = {isa = PBXFileReference; lastKnownFileType = wrapper.framework; name = WidgetKit.framework; path = System/Library/Frameworks/WidgetKit.framework; sourceTree = SDKROOT; };
		F5CF2FC0A51435C78A63AA2A /* Info.plist */ = {isa = PBXFileReference; lastKnownFileType = text.plist; path = Info.plist; sourceTree = "<group>"; };
		F9EE6A999766D19E1D6314AF /* PrivacyInfo.xcprivacy */ = {isa = PBXFileReference; path = PrivacyInfo.xcprivacy; sourceTree = "<group>"; };
		FE0E596848DAA75FA490A9D0 /* StreakEngine.swift */ = {isa = PBXFileReference; lastKnownFileType = sourcecode.swift; path = StreakEngine.swift; sourceTree = "<group>"; };
/* End PBXFileReference section */

/* Begin PBXFrameworksBuildPhase section */
		C174E6935E5B2882C70615D7 /* Frameworks */ = {
			isa = PBXFrameworksBuildPhase;
			buildActionMask = 2147483647;
			files = (
				2D13D7422090974CF36509C5 /* WidgetKit.framework in Frameworks */,
				0CD119ACB77F9A0E30DB37BC /* AppIntents.framework in Frameworks */,
				6E7C4B16933E356B7F691552 /* ActivityKit.framework in Frameworks */,
			);
			runOnlyForDeploymentPostprocessing = 0;
		};
/* End PBXFrameworksBuildPhase section */

/* Begin PBXGroup section */
		1415C89214EABAFB7880556D /* Resources */ = {
			isa = PBXGroup;
			children = (
				599D289041238E628EDDFB17 /* InfoPlist.strings */,
				93E7CD8F2946AAB998B82089 /* Localizable.strings */,
			);
			path = Resources;
			sourceTree = "<group>";
		};
		19D15DF4EC75DE7D2E2257D2 = {
			isa = PBXGroup;
			children = (
				63052F64695B9AF5C122FD72 /* BioTrack */,
				456A638363582B91BB6AB164 /* BioTrackTests */,
				7BD0CF55261CD0875969A5E0 /* BioTrackWidgetExtension */,
				D70ECFE47E0F14A740CF6DDA /* Frameworks */,
				386C119F54E71E4E1CD9A7F3 /* Products */,
			);
			sourceTree = "<group>";
		};
		226473A10B19AFBF5107390D /* Views */ = {
			isa = PBXGroup;
			children = (
				84457511C5CE20CF1BC4E7D7 /* App.swift */,
				D2FEE371CDAA74F9724A9456 /* ChecklistView.swift */,
				084EB01EACA6EE1B22998B55 /* ContentView.swift */,
				0B863E1BD3CA3DEE9C13BA7A /* HomeView.swift */,
				ABD8FBE6836A94BF73569525 /* ProtocolOnboardingView.swift */,
				CD708BB488DB5B536F436199 /* ProtocolsView.swift */,
				2087BDE224D715AEA3F2BDDE /* SettingsView.swift */,
				C7933CCB9B30FA1DE6534172 /* StatsView.swift */,
				B67EBF0EA2765049D864759C /* SupplementsView.swift */,
				5CAB7F3A403D81BA5A8BC9EF /* TrackView.swift */,
				A5AD65768A383195E9983F97 /* Components */,
			);
			path = Views;
			sourceTree = "<group>";
		};
		386C119F54E71E4E1CD9A7F3 /* Products */ = {
			isa = PBXGroup;
			children = (
				D89C2005DA09EB2E1F6DFF55 /* BioTrack.app */,
				553D79FF462F5D7CCC2EAD15 /* BioTrackTests.xctest */,
				15541ED2BD2FB71F1F2A3338 /* BioTrackWidgetExtension.appex */,
			);
			name = Products;
			sourceTree = "<group>";
		};
		456A638363582B91BB6AB164 /* BioTrackTests */ = {
			isa = PBXGroup;
			children = (
				DDF2EFA273168DE93BDDC1DD /* CorrelationStatisticsTests.swift */,
				CB83DC08A8581BBB6EF018B1 /* InsightsEngineTests.swift */,
			);
			path = BioTrackTests;
			sourceTree = "<group>";
		};
		63052F64695B9AF5C122FD72 /* BioTrack */ = {
			isa = PBXGroup;
			children = (
				633F4EDD590D86412BD4F7F2 /* Assets.xcassets */,
				85DC9D4613EA677C3E218A64 /* BioTrack.entitlements */,
				2141DEA8868E4DACF16A83E5 /* Info.plist */,
				F9EE6A999766D19E1D6314AF /* PrivacyInfo.xcprivacy */,
				E4145CDFB695266D612C3792 /* Models */,
				1415C89214EABAFB7880556D /* Resources */,
				EFEBF5EF6332D05D16087D24 /* Services */,
				829715D3D605DA9597596536 /* Shared */,
				EEA1D6B4FDDD7D5640B462A5 /* ViewModels */,
				226473A10B19AFBF5107390D /* Views */,
			);
			path = BioTrack;
			sourceTree = "<group>";
		};
		7BD0CF55261CD0875969A5E0 /* BioTrackWidgetExtension */ = {
			isa = PBXGroup;
			children = (
				52419208B9B9D80EBBEC810D /* BioTrackWidget.swift */,
				6EDEFB238DADA2A7DD992458 /* BioTrackWidgetBundle.swift */,
				26516585A824CCF6B31DA959 /* BioTrackWidgetExtension.entitlements */,
				AA83FD6F5313BF7CD5889FAF /* BioTrackWidgetIntents.swift */,
				F5CF2FC0A51435C78A63AA2A /* Info.plist */,
				7C77887DE77C78B64106AF02 /* ProtocolLiveActivityWidget.swift */,
			);
			path = BioTrackWidgetExtension;
			sourceTree = "<group>";
		};
		829715D3D605DA9597596536 /* Shared */ = {
			isa = PBXGroup;
			children = (
				6B16B0BF6DDAEE7726E7931F /* AppGroup.swift */,
				8C879573B61970941152FD2C /* BioTrackSnapshot.swift */,
				2D8E924384AD01142D3269B6 /* CheckInMetricSelection.swift */,
				06BDA916C04EB9C6F726267C /* DailyPlanner.swift */,
				CF585906E160C168220EA6D4 /* MigrationService.swift */,
				761829E296E74B00FECD6089 /* ProtocolTimerAttributes.swift */,
				280BB927045ABB1AD55D9147 /* ReminderNotificationScheduler.swift */,
				9108B72C07885C34F3388C89 /* SharedStore.swift */,
				342179F80BE980FE8431A1F5 /* WidgetDailySnapshot.swift */,
				40A979283324957A72A87738 /* WidgetEventLogger.swift */,
				0F0CBBBF7B3D9F66021A658B /* WidgetRefresh.swift */,
			);
			path = Shared;
			sourceTree = "<group>";
		};
		A5AD65768A383195E9983F97 /* Components */ = {
			isa = PBXGroup;
			children = (
				68D6C9B300E636DA9961DE2A /* AddSupplementForm.swift */,
				315461430CDF05635146D382 /* CalendarHeatmap.swift */,
				1105CD07172E35082CDDFC5F /* CategoryPickerSheet.swift */,
				96DEA502573B65D2430101D9 /* CheckInMetricSelectionView.swift */,
				3C26860DF453656C16CECD19 /* CreateMetricSheet.swift */,
				7978D0848A27767DC0704D9B /* DailyCheckInSheet.swift */,
				E10D480A003161B27FA3A5E5 /* DesignSystem.swift */,
				5402D332A7033B006C7949EA /* EditEntrySheet.swift */,
				B0EDE340993C988EC6120391 /* EditReminderSheet.swift */,
				196A7DCB204BF91EC173C071 /* EmptyStateView.swift */,
				4F4B3AAD4246A8FC0384D090 /* FloatingActionButton.swift */,
				DA000CCB06E17A9CAFCB7D0F /* FrequencyPickerSheet.swift */,
				7182FB1C12C4BA5B8FFDB0FA /* ManageRemindersSheet.swift */,
				E987F23AF107CA538222BECE /* MultiSeriesChart.swift */,
				98F8884A7FDEE475B76B56EC /* NOf1WizardSheet.swift */,
				836ABD8F5B5EE18CD4B5BC1C /* ObjectivesDetailSheet.swift */,
				7BAD29A7C2C52B0A3F620AFA /* PassphrasePromptSheet.swift */,
				B48061E427B06EB0CB337A23 /* ProtocolEditSheet.swift */,
				D4401D9BDFDBD224B7F8D120 /* ProtocolFilterSheet.swift */,
				508A13927F29D14CCE10A970 /* ProtocolLogSheet.swift */,
				35E9B43E15C06FA9D5F8D45E /* ReminderSheet.swift */,
				6F349DC6CDB36226A0E093A7 /* RequiredLabel.swift */,
				11ACD8A732224FBECED926F4 /* RoutineProfilesSettingsView.swift */,
				80F37065C0E51E3C5CDE96AC /* StrikethroughCompat.swift */,
				18E541056A52E477625DCB97 /* SupplementFilterSheet.swift */,
				286CD5132BB42438658797F6 /* SupplementLibrarySheet.swift */,
				5D896B7AFF693C1A9B42E818 /* SupplementLogSheet.swift */,
				027480E4507C345EE9192C57 /* SwipeableRow.swift */,
				0ECFB71410EA7296277518FB /* TemplatesSheet.swift */,
				49D454120D166B509C838725 /* TimeOfDayPickerSheet.swift */,
				CAE3572431504B48FE92258B /* UnifiedCalendarView.swift */,
				188D70EF879A07B2B1E5A37E /* View+Compatibility.swift */,
			);
			path = Components;
			sourceTree = "<group>";
		};
		D70ECFE47E0F14A740CF6DDA /* Frameworks */ = {
			isa = PBXGroup;
			children = (
				A7EE6D8E545ECD2006CA0533 /* ActivityKit.framework */,
				13D9AD416C4DD502B8D42A44 /* AppIntents.framework */,
				F2A485580C34A045516B47DA /* WidgetKit.framework */,
			);
			name = Frameworks;
			sourceTree = "<group>";
		};
		E4145CDFB695266D612C3792 /* Models */ = {
			isa = PBXGroup;
			children = (
				60053174D20C66A58C75489A /* Activation.swift */,
				5E32413F926F6E56D5BDB75C /* DailyCheckIn.swift */,
				1262106619C8BBFDB054C4B0 /* Experiment.swift */,
				ABBD389D334E3B93EC954C4D /* Insights.swift */,
				E00882A4B3428FBA41C9409F /* Metric.swift */,
				4668B2B528D042F7A0D14759 /* Protocol.swift */,
				E5D584A9B27315033A067641 /* Reminder.swift */,
				5FEA68DF4AE577E739180438 /* RoutineProfile.swift */,
				E5AB1208E48A1DFC590AFAB0 /* SecureBackupEnvelope.swift */,
				EDF3B858DBB7862AFCE12310 /* Supplement.swift */,
			);
			path = Models;
			sourceTree = "<group>";
		};
		EEA1D6B4FDDD7D5640B462A5 /* ViewModels */ = {
			isa = PBXGroup;
			children = (
				DBD199C7F612976656B2323F /* AppState.swift */,
				358C664436F5F18D82DB816C /* ChecklistViewModel.swift */,
			);
			path = ViewModels;
			sourceTree = "<group>";
		};
		EFEBF5EF6332D05D16087D24 /* Services */ = {
			isa = PBXGroup;
			children = (
				21EE2BEB4B5037EE7D559E7B /* CorrelationStatistics.swift */,
				B6BBAEA434662BC592A2C2B6 /* ExperimentEngine.swift */,
				29BE799AF4375486D0428E90 /* ExportService.swift */,
				67264C6BC1C5A4F7DB2CDE93 /* FeatureFlags.swift */,
				9668FA5D1A968F887E184C88 /* Haptics.swift */,
				A83769B201B036BF8927B681 /* HealthKitService.swift */,
				4A626FB0DECEFCC518C4D1DD /* InsightsEngine.swift */,
				1AC7303B1D1CCB3BEDA2FE3B /* LocalAnalyticsService.swift */,
				82A680A088669639313CFCEF /* LocalStore.swift */,
				933895008FB0C773003E5940 /* NotificationService.swift */,
				847AC89C97AD44F29E6F5E2B /* ProtocolLiveActivityService.swift */,
				84E352D3E1607A21C051EFE5 /* RecommendationEngine.swift */,
				2E2A3229C59C9FFC0DD4FB76 /* RoutineEngine.swift */,
				800F13CD778BD45F94DFC4D9 /* SecureBackupService.swift */,
				FE0E596848DAA75FA490A9D0 /* StreakEngine.swift */,
			);
			path = Services;
			sourceTree = "<group>";
		};
/* End PBXGroup section */

/* Begin PBXNativeTarget section */
		458A65D4D3A30AB44AF90E8E /* BioTrackWidgetExtension */ = {
			isa = PBXNativeTarget;
			buildConfigurationList = 0BAFE5BE7B0539CF1558DE04 /* Build configuration list for PBXNativeTarget "BioTrackWidgetExtension" */;
			buildPhases = (
				6E1A7416917548F5D206379A /* Sources */,
				C174E6935E5B2882C70615D7 /* Frameworks */,
			);
			buildRules = (
			);
			dependencies = (
			);
			name = BioTrackWidgetExtension;
			packageProductDependencies = (
			);
			productName = BioTrackWidgetExtension;
			productReference = 15541ED2BD2FB71F1F2A3338 /* BioTrackWidgetExtension.appex */;
			productType = "com.apple.product-type.app-extension";
		};
		9092B67F1DFD51C1F75F7CA9 /* BioTrack */ = {
			isa = PBXNativeTarget;
			buildConfigurationList = 11C0BB95386CAA55E3D9ED0B /* Build configuration list for PBXNativeTarget "BioTrack" */;
			buildPhases = (
				EEC24DC4A5429F90198542C5 /* Sources */,
				2DB8C5BD48AF5BA473EEA8AA /* Resources */,
				20555B5B2EE1419F622DEFD6 /* Embed Foundation Extensions */,
			);
			buildRules = (
			);
			dependencies = (
				DE54E9C25CCA125B0FAC8EB7 /* PBXTargetDependency */,
			);
			name = BioTrack;
			packageProductDependencies = (
			);
			productName = BioTrack;
			productReference = D89C2005DA09EB2E1F6DFF55 /* BioTrack.app */;
			productType = "com.apple.product-type.application";
		};
		981179CCA80CA79C162AF8C1 /* BioTrackTests */ = {
			isa = PBXNativeTarget;
			buildConfigurationList = 6AD5C1E38F9793EFEB8A320A /* Build configuration list for PBXNativeTarget "BioTrackTests" */;
			buildPhases = (
				1985816714AECE2D7F4492D3 /* Sources */,
			);
			buildRules = (
			);
			dependencies = (
				0B560B540E7AB6E79972EA4C /* PBXTargetDependency */,
			);
			name = BioTrackTests;
			packageProductDependencies = (
			);
			productName = BioTrackTests;
			productReference = 553D79FF462F5D7CCC2EAD15 /* BioTrackTests.xctest */;
			productType = "com.apple.product-type.bundle.unit-test";
		};
/* End PBXNativeTarget section */

/* Begin PBXProject section */
		63CE1027556EA7F5402BC30B /* Project object */ = {
			isa = PBXProject;
			attributes = {
				BuildIndependentTargetsInParallel = YES;
				LastUpgradeCheck = 1430;
			};
			buildConfigurationList = 707139CCCC46F3D4C1FA0370 /* Build configuration list for PBXProject "BioTrack" */;
			compatibilityVersion = "Xcode 14.0";
			developmentRegion = en;
			hasScannedForEncodings = 0;
			knownRegions = (
				Base,
				en,
				fr,
			);
			mainGroup = 19D15DF4EC75DE7D2E2257D2;
			minimizedProjectReferenceProxies = 1;
			preferredProjectObjectVersion = 77;
			projectDirPath = "";
			projectRoot = "";
			targets = (
				9092B67F1DFD51C1F75F7CA9 /* BioTrack */,
				981179CCA80CA79C162AF8C1 /* BioTrackTests */,
				458A65D4D3A30AB44AF90E8E /* BioTrackWidgetExtension */,
			);
		};
/* End PBXProject section */

/* Begin PBXResourcesBuildPhase section */
		2DB8C5BD48AF5BA473EEA8AA /* Resources */ = {
			isa = PBXResourcesBuildPhase;
			buildActionMask = 2147483647;
			files = (
				B6C73967D5AF50E5F03FD614 /* Assets.xcassets in Resources */,
				264633ADFEE455CF420D2C7D /* InfoPlist.strings in Resources */,
				6F222E00979EBAC3692748D3 /* Localizable.strings in Resources */,
				584BCE8D84A42BB8CD77D0CC /* PrivacyInfo.xcprivacy in Resources */,
			);
			runOnlyForDeploymentPostprocessing = 0;
		};
/* End PBXResourcesBuildPhase section */

/* Begin PBXSourcesBuildPhase section */
		1985816714AECE2D7F4492D3 /* Sources */ = {
			isa = PBXSourcesBuildPhase;
			buildActionMask = 2147483647;
			files = (
				35694DBA8CEDB2C06D7BE2F5 /* CorrelationStatisticsTests.swift in Sources */,
				76CD21213066B6EF8530852A /* InsightsEngineTests.swift in Sources */,
			);
			runOnlyForDeploymentPostprocessing = 0;
		};
		6E1A7416917548F5D206379A /* Sources */ = {
			isa = PBXSourcesBuildPhase;
			buildActionMask = 2147483647;
			files = (
				BF9A6A1694EB3D1661A028B9 /* Activation.swift in Sources */,
				74680F7E4D665A28334FD09F /* AppGroup.swift in Sources */,
				28D668E670F8672DDC3B6EB0 /* BioTrackSnapshot.swift in Sources */,
				930DB22DF83A0483EBAA3825 /* BioTrackWidget.swift in Sources */,
				FC2FC4192005B18DE134987A /* BioTrackWidgetBundle.swift in Sources */,
				77114BA0873460163741E9DE /* BioTrackWidgetIntents.swift in Sources */,
				0EEE5F6816A51858D5D6E9B8 /* CheckInMetricSelection.swift in Sources */,
				9758E8F8C216942CE42DBE2F /* DailyCheckIn.swift in Sources */,
				5F033437CEA94BC1A83BEA96 /* DailyPlanner.swift in Sources */,
				6E7E67CBFEC799569F4111D3 /* Experiment.swift in Sources */,
				8969349C774754F14872D7BD /* Insights.swift in Sources */,
				6986E9A68D5A3596686F6E4C /* Metric.swift in Sources */,
				050AE3D23850B073E502213C /* MigrationService.swift in Sources */,
				550BBDED39D2770538EB2E6D /* Protocol.swift in Sources */,
				68A3FEE2426844DDD430344D /* ProtocolLiveActivityWidget.swift in Sources */,
				5D9AB9412A836284CE55A660 /* ProtocolTimerAttributes.swift in Sources */,
				04D09CA46D9B597665215E30 /* Reminder.swift in Sources */,
				52E3B69B5597E672FCF97C19 /* ReminderNotificationScheduler.swift in Sources */,
				BDC4F2B8EE9B33D107D76F33 /* RoutineProfile.swift in Sources */,
				57A8C0EB298BA9FD6886F58E /* SecureBackupEnvelope.swift in Sources */,
				14878E88CD2D65A4D57FE2D5 /* SharedStore.swift in Sources */,
				78AF066E7080F228EC0AAC7A /* Supplement.swift in Sources */,
				0F8F177102A0BD06FC0188F8 /* WidgetDailySnapshot.swift in Sources */,
				CD326F5A84D2C4627BB807E6 /* WidgetEventLogger.swift in Sources */,
				47878B62637D6CA8939BA952 /* WidgetRefresh.swift in Sources */,
			);
			runOnlyForDeploymentPostprocessing = 0;
		};
		EEC24DC4A5429F90198542C5 /* Sources */ = {
			isa = PBXSourcesBuildPhase;
			buildActionMask = 2147483647;
			files = (
				0E536D2177FA135BD6F8D19B /* Activation.swift in Sources */,
				87B48638A0BCA0456260DB80 /* AddSupplementForm.swift in Sources */,
				1FA69DC4D6B6718EC524A7A0 /* App.swift in Sources */,
				6C2F200F5C036842BEFDCB3D /* AppGroup.swift in Sources */,
				A2180613397D3B1B873E054F /* AppState.swift in Sources */,
				2D154BEB11E8BF862DF7844B /* BioTrackSnapshot.swift in Sources */,
				3D4163DFB197AB572074CCF3 /* CalendarHeatmap.swift in Sources */,
				DAF139AEB2883D5FD20D6B8A /* CategoryPickerSheet.swift in Sources */,
				C921A9E6D27D3252FE0792A0 /* CheckInMetricSelection.swift in Sources */,
				D4266F0D97E267F68126B611 /* CheckInMetricSelectionView.swift in Sources */,
				B021BDBE5B6401428D0B8DFB /* ChecklistView.swift in Sources */,
				D8045B92D46C0172F4A75D21 /* ChecklistViewModel.swift in Sources */,
				1B845F42A01FF583D7928E60 /* ContentView.swift in Sources */,
				85AE35618984E95519EEB06A /* CorrelationStatistics.swift in Sources */,
				9166815C0FF60DE0587BBC94 /* CreateMetricSheet.swift in Sources */,
				55C30F82CACA557B01FD11AA /* DailyCheckIn.swift in Sources */,
				4DF8FA548092E964ECAB104C /* DailyCheckInSheet.swift in Sources */,
				D4EEFA13BDA22013BD54BDAB /* DailyPlanner.swift in Sources */,
				06D5809DBBCC03852994EA6C /* DesignSystem.swift in Sources */,
				AA08CE6BC4D5A7C9A882F30B /* EditEntrySheet.swift in Sources */,
				0C0609D841C372E8904030F3 /* EditReminderSheet.swift in Sources */,
				9237BF7CE4C5F106807C565C /* EmptyStateView.swift in Sources */,
				68160CDABD860115FC21FB18 /* Experiment.swift in Sources */,
				397CA67D3A3C372332F67993 /* ExperimentEngine.swift in Sources */,
				8C59E5571D02A7734CC4AA84 /* ExportService.swift in Sources */,
				FEB89512DCDB704A80B966A5 /* FeatureFlags.swift in Sources */,
				946F2AE72B95C5BDB9988174 /* FloatingActionButton.swift in Sources */,
				19DA12FFA6D24A1387AFFD78 /* FrequencyPickerSheet.swift in Sources */,
				8FF02D29DA5F01822701CE4D /* Haptics.swift in Sources */,
				717598918481D383825D6899 /* HealthKitService.swift in Sources */,
				983BB317B989FCD1A5FD245C /* HomeView.swift in Sources */,
				5D1C9982FCCC25F09D9A27B0 /* Insights.swift in Sources */,
				33C1103A53EC69CBDF94D006 /* InsightsEngine.swift in Sources */,
				740A714F3FC00F522C492970 /* LocalAnalyticsService.swift in Sources */,
				249D3F32CDF218C1207BB179 /* LocalStore.swift in Sources */,
				2A66218FBFA751A2FF6B0F7D /* ManageRemindersSheet.swift in Sources */,
				EE7257C86EFE15AD68E17EC3 /* Metric.swift in Sources */,
				10C9C700E008DC3494CE3918 /* MigrationService.swift in Sources */,
				ABB4521C042E36CD42954AA2 /* MultiSeriesChart.swift in Sources */,
				66262B4A0EBDF5AC47082DDC /* NOf1WizardSheet.swift in Sources */,
				307275C0E7819349F890C7AF /* NotificationService.swift in Sources */,
				28EC99CA1D1A09D59EAA38D0 /* ObjectivesDetailSheet.swift in Sources */,
				4CD887C9E33F53E051F47F8E /* PassphrasePromptSheet.swift in Sources */,
				AA174829FFEB354E179CB46E /* Protocol.swift in Sources */,
				2736821FCFFC53BD87B79723 /* ProtocolEditSheet.swift in Sources */,
				92B8EF230602D34306CF2D32 /* ProtocolFilterSheet.swift in Sources */,
				FC2980E7CF67EF197EDC1BEF /* ProtocolLiveActivityService.swift in Sources */,
				2CAB1405AFFD56D1DC26C05B /* ProtocolLogSheet.swift in Sources */,
				71AFA2FC6FD5E6B3E5E52DF4 /* ProtocolOnboardingView.swift in Sources */,
				6BDB749882BA6B7EBE8BE1EB /* ProtocolTimerAttributes.swift in Sources */,
				FED0698D79FD94D314253A46 /* ProtocolsView.swift in Sources */,
				3EFF47C7AFF7292CAFF3727A /* RecommendationEngine.swift in Sources */,
				746ACF1CB3F2EDBA3E86251E /* Reminder.swift in Sources */,
				3D8E913F6B5E0DBE035AF2A5 /* ReminderNotificationScheduler.swift in Sources */,
				BBD42EC213C93FFD1280DED6 /* ReminderSheet.swift in Sources */,
				C378F5763D24970BD7F6A204 /* RequiredLabel.swift in Sources */,
				743B7A2DDEADE810AF345F92 /* RoutineEngine.swift in Sources */,
				7BD799E6F957486B9C015D85 /* RoutineProfile.swift in Sources */,
				BFFA741F7A166394C00CCD8A /* RoutineProfilesSettingsView.swift in Sources */,
				BC804BB5B09EB2D14DCAF66D /* SecureBackupEnvelope.swift in Sources */,
				F7EB293DABEEAF29115FAF33 /* SecureBackupService.swift in Sources */,
				58F672094EDB48FC29887298 /* SettingsView.swift in Sources */,
				1883589B1F504890C7A1516D /* SharedStore.swift in Sources */,
				216CAE976BD4EDEF654D0E58 /* StatsView.swift in Sources */,
				FE8A93B861D24A50BC75746B /* StreakEngine.swift in Sources */,
				89089C26E10B78268A4000EF /* StrikethroughCompat.swift in Sources */,
				91830745A9EE48E4CB6F6762 /* Supplement.swift in Sources */,
				905E90FCFAA98A1FA84B1789 /* SupplementFilterSheet.swift in Sources */,
				22A5D05C1CAF7738BF8E8A2B /* SupplementLibrarySheet.swift in Sources */,
				2148C5412E5C8B62461037E0 /* SupplementLogSheet.swift in Sources */,
				A3C85D3EDA690E3394514B93 /* SupplementsView.swift in Sources */,
				DE52286BFBA6CA7E8A1F01BB /* SwipeableRow.swift in Sources */,
				61B4467079F49E823139C4AB /* TemplatesSheet.swift in Sources */,
				1A71D2726D7D5CCE9F2EBEA6 /* TimeOfDayPickerSheet.swift in Sources */,
				85CB6CF41C70AFB5BE6D80A0 /* TrackView.swift in Sources */,
				CE9E995076693550935E0107 /* UnifiedCalendarView.swift in Sources */,
				5E474A6DD3FE1E80FAE5C50F /* View+Compatibility.swift in Sources */,
				5784955B77049FA82E8B4E1C /* WidgetDailySnapshot.swift in Sources */,
				204D1F8D9D3FC9D32025F147 /* WidgetEventLogger.swift in Sources */,
				CBA8B3467C7E10B03EF5A85B /* WidgetRefresh.swift in Sources */,
			);
			runOnlyForDeploymentPostprocessing = 0;
		};
/* End PBXSourcesBuildPhase section */

/* Begin PBXTargetDependency section */
		0B560B540E7AB6E79972EA4C /* PBXTargetDependency */ = {
			isa = PBXTargetDependency;
			target = 9092B67F1DFD51C1F75F7CA9 /* BioTrack */;
			targetProxy = C6B92EA1F02453EDABF06F7C /* PBXContainerItemProxy */;
		};
		DE54E9C25CCA125B0FAC8EB7 /* PBXTargetDependency */ = {
			isa = PBXTargetDependency;
			target = 458A65D4D3A30AB44AF90E8E /* BioTrackWidgetExtension */;
			targetProxy = 6828294BDF863FB13C118A42 /* PBXContainerItemProxy */;
		};
/* End PBXTargetDependency section */

/* Begin PBXVariantGroup section */
		599D289041238E628EDDFB17 /* InfoPlist.strings */ = {
			isa = PBXVariantGroup;
			children = (
				A83077FE9DB9A94506AE0EDE /* en */,
				9B4C0235A09DE7235354B99C /* fr */,
			);
			name = InfoPlist.strings;
			sourceTree = "<group>";
		};
		93E7CD8F2946AAB998B82089 /* Localizable.strings */ = {
			isa = PBXVariantGroup;
			children = (
				6B6B9737ED10A793D8156CCE /* en */,
				C754F6647247D6EB14A46B60 /* fr */,
			);
			name = Localizable.strings;
			sourceTree = "<group>";
		};
/* End PBXVariantGroup section */

/* Begin XCBuildConfiguration section */
		2EF6D828C275970A6EC98CB1 /* Release */ = {
			isa = XCBuildConfiguration;
			buildSettings = {
				CODE_SIGN_ENTITLEMENTS = BioTrackWidgetExtension/BioTrackWidgetExtension.entitlements;
				CURRENT_PROJECT_VERSION = 3;
				INFOPLIST_FILE = BioTrackWidgetExtension/Info.plist;
				IPHONEOS_DEPLOYMENT_TARGET = 17.0;
				LD_RUNPATH_SEARCH_PATHS = (
					"$(inherited)",
					"@executable_path/Frameworks",
					"@executable_path/../../Frameworks",
				);
				MARKETING_VERSION = 1.0.0;
				PRODUCT_BUNDLE_IDENTIFIER = com.fabienlopes.biotrack.widget;
				SDKROOT = iphoneos;
				TARGETED_DEVICE_FAMILY = 1;
			};
			name = Release;
		};
		325C2AE8CD1E1DB0FB49D734 /* Release */ = {
			isa = XCBuildConfiguration;
			buildSettings = {
				BUNDLE_LOADER = "$(TEST_HOST)";
				GENERATE_INFOPLIST_FILE = YES;
				IPHONEOS_DEPLOYMENT_TARGET = 15.0;
				LD_RUNPATH_SEARCH_PATHS = (
					"$(inherited)",
					"@executable_path/Frameworks",
					"@loader_path/Frameworks",
				);
				PRODUCT_BUNDLE_IDENTIFIER = com.fabienlopes.biotrack.tests;
				SDKROOT = iphoneos;
				TARGETED_DEVICE_FAMILY = "1,2";
				TEST_HOST = "$(BUILT_PRODUCTS_DIR)/BioTrack.app/BioTrack";
			};
			name = Release;
		};
		604EA4F5B1EC4F065C3C011A /* Debug */ = {
			isa = XCBuildConfiguration;
			buildSettings = {
				ALWAYS_SEARCH_USER_PATHS = NO;
				CLANG_ANALYZER_NONNULL = YES;
				CLANG_ANALYZER_NUMBER_OBJECT_CONVERSION = YES_AGGRESSIVE;
				CLANG_CXX_LANGUAGE_STANDARD = "gnu++14";
				CLANG_CXX_LIBRARY = "libc++";
				CLANG_ENABLE_MODULES = YES;
				CLANG_ENABLE_OBJC_ARC = YES;
				CLANG_ENABLE_OBJC_WEAK = YES;
				CLANG_WARN_BLOCK_CAPTURE_AUTORELEASING = YES;
				CLANG_WARN_BOOL_CONVERSION = YES;
				CLANG_WARN_COMMA = YES;
				CLANG_WARN_CONSTANT_CONVERSION = YES;
				CLANG_WARN_DEPRECATED_OBJC_IMPLEMENTATIONS = YES;
				CLANG_WARN_DIRECT_OBJC_ISA_USAGE = YES_ERROR;
				CLANG_WARN_DOCUMENTATION_COMMENTS = YES;
				CLANG_WARN_EMPTY_BODY = YES;
				CLANG_WARN_ENUM_CONVERSION = YES;
				CLANG_WARN_INFINITE_RECURSION = YES;
				CLANG_WARN_INT_CONVERSION = YES;
				CLANG_WARN_NON_LITERAL_NULL_CONVERSION = YES;
				CLANG_WARN_OBJC_IMPLICIT_RETAIN_SELF = YES;
				CLANG_WARN_OBJC_LITERAL_CONVERSION = YES;
				CLANG_WARN_OBJC_ROOT_CLASS = YES_ERROR;
				CLANG_WARN_QUOTED_INCLUDE_IN_FRAMEWORK_HEADER = YES;
				CLANG_WARN_RANGE_LOOP_ANALYSIS = YES;
				CLANG_WARN_STRICT_PROTOTYPES = YES;
				CLANG_WARN_SUSPICIOUS_MOVE = YES;
				CLANG_WARN_UNGUARDED_AVAILABILITY = YES_AGGRESSIVE;
				CLANG_WARN_UNREACHABLE_CODE = YES;
				CLANG_WARN__DUPLICATE_METHOD_MATCH = YES;
				COPY_PHASE_STRIP = NO;
				DEBUG_INFORMATION_FORMAT = dwarf;
				ENABLE_STRICT_OBJC_MSGSEND = YES;
				ENABLE_TESTABILITY = YES;
				ENABLE_USER_SCRIPT_SANDBOXING = NO;
				GCC_C_LANGUAGE_STANDARD = gnu11;
				GCC_DYNAMIC_NO_PIC = NO;
				GCC_NO_COMMON_BLOCKS = YES;
				GCC_OPTIMIZATION_LEVEL = 0;
				GCC_PREPROCESSOR_DEFINITIONS = (
					"$(inherited)",
					"DEBUG=1",
				);
				GCC_WARN_64_TO_32_BIT_CONVERSION = YES;
				GCC_WARN_ABOUT_RETURN_TYPE = YES_ERROR;
				GCC_WARN_UNDECLARED_SELECTOR = YES;
				GCC_WARN_UNINITIALIZED_AUTOS = YES_AGGRESSIVE;
				GCC_WARN_UNUSED_FUNCTION = YES;
				GCC_WARN_UNUSED_VARIABLE = YES;
				IPHONEOS_DEPLOYMENT_TARGET = 15.0;
				MTL_ENABLE_DEBUG_INFO = INCLUDE_SOURCE;
				MTL_FAST_MATH = YES;
				ONLY_ACTIVE_ARCH = YES;
				PRODUCT_NAME = "$(TARGET_NAME)";
				SDKROOT = iphoneos;
				SWIFT_ACTIVE_COMPILATION_CONDITIONS = DEBUG;
				SWIFT_OPTIMIZATION_LEVEL = "-Onone";
				SWIFT_VERSION = 5.9;
			};
			name = Debug;
		};
		7771AE49EEAFBECB3F854CFC /* Debug */ = {
			isa = XCBuildConfiguration;
			buildSettings = {
				CODE_SIGN_ENTITLEMENTS = BioTrackWidgetExtension/BioTrackWidgetExtension.entitlements;
				CURRENT_PROJECT_VERSION = 3;
				INFOPLIST_FILE = BioTrackWidgetExtension/Info.plist;
				IPHONEOS_DEPLOYMENT_TARGET = 17.0;
				LD_RUNPATH_SEARCH_PATHS = (
					"$(inherited)",
					"@executable_path/Frameworks",
					"@executable_path/../../Frameworks",
				);
				MARKETING_VERSION = 1.0.0;
				PRODUCT_BUNDLE_IDENTIFIER = com.fabienlopes.biotrack.widget;
				SDKROOT = iphoneos;
				TARGETED_DEVICE_FAMILY = 1;
			};
			name = Debug;
		};
		788D63003217C158E6FA2483 /* Debug */ = {
			isa = XCBuildConfiguration;
			buildSettings = {
				BUNDLE_LOADER = "$(TEST_HOST)";
				GENERATE_INFOPLIST_FILE = YES;
				IPHONEOS_DEPLOYMENT_TARGET = 15.0;
				LD_RUNPATH_SEARCH_PATHS = (
					"$(inherited)",
					"@executable_path/Frameworks",
					"@loader_path/Frameworks",
				);
				PRODUCT_BUNDLE_IDENTIFIER = com.fabienlopes.biotrack.tests;
				SDKROOT = iphoneos;
				TARGETED_DEVICE_FAMILY = "1,2";
				TEST_HOST = "$(BUILT_PRODUCTS_DIR)/BioTrack.app/BioTrack";
			};
			name = Debug;
		};
		A25AE941FF49B407B096E0C5 /* Release */ = {
			isa = XCBuildConfiguration;
			buildSettings = {
				ALWAYS_SEARCH_USER_PATHS = NO;
				CLANG_ANALYZER_NONNULL = YES;
				CLANG_ANALYZER_NUMBER_OBJECT_CONVERSION = YES_AGGRESSIVE;
				CLANG_CXX_LANGUAGE_STANDARD = "gnu++14";
				CLANG_CXX_LIBRARY = "libc++";
				CLANG_ENABLE_MODULES = YES;
				CLANG_ENABLE_OBJC_ARC = YES;
				CLANG_ENABLE_OBJC_WEAK = YES;
				CLANG_WARN_BLOCK_CAPTURE_AUTORELEASING = YES;
				CLANG_WARN_BOOL_CONVERSION = YES;
				CLANG_WARN_COMMA = YES;
				CLANG_WARN_CONSTANT_CONVERSION = YES;
				CLANG_WARN_DEPRECATED_OBJC_IMPLEMENTATIONS = YES;
				CLANG_WARN_DIRECT_OBJC_ISA_USAGE = YES_ERROR;
				CLANG_WARN_DOCUMENTATION_COMMENTS = YES;
				CLANG_WARN_EMPTY_BODY = YES;
				CLANG_WARN_ENUM_CONVERSION = YES;
				CLANG_WARN_INFINITE_RECURSION = YES;
				CLANG_WARN_INT_CONVERSION = YES;
				CLANG_WARN_NON_LITERAL_NULL_CONVERSION = YES;
				CLANG_WARN_OBJC_IMPLICIT_RETAIN_SELF = YES;
				CLANG_WARN_OBJC_LITERAL_CONVERSION = YES;
				CLANG_WARN_OBJC_ROOT_CLASS = YES_ERROR;
				CLANG_WARN_QUOTED_INCLUDE_IN_FRAMEWORK_HEADER = YES;
				CLANG_WARN_RANGE_LOOP_ANALYSIS = YES;
				CLANG_WARN_STRICT_PROTOTYPES = YES;
				CLANG_WARN_SUSPICIOUS_MOVE = YES;
				CLANG_WARN_UNGUARDED_AVAILABILITY = YES_AGGRESSIVE;
				CLANG_WARN_UNREACHABLE_CODE = YES;
				CLANG_WARN__DUPLICATE_METHOD_MATCH = YES;
				COPY_PHASE_STRIP = NO;
				DEBUG_INFORMATION_FORMAT = "dwarf-with-dsym";
				ENABLE_NS_ASSERTIONS = NO;
				ENABLE_STRICT_OBJC_MSGSEND = YES;
				ENABLE_USER_SCRIPT_SANDBOXING = NO;
				GCC_C_LANGUAGE_STANDARD = gnu11;
				GCC_NO_COMMON_BLOCKS = YES;
				GCC_WARN_64_TO_32_BIT_CONVERSION = YES;
				GCC_WARN_ABOUT_RETURN_TYPE = YES_ERROR;
				GCC_WARN_UNDECLARED_SELECTOR = YES;
				GCC_WARN_UNINITIALIZED_AUTOS = YES_AGGRESSIVE;
				GCC_WARN_UNUSED_FUNCTION = YES;
				GCC_WARN_UNUSED_VARIABLE = YES;
				IPHONEOS_DEPLOYMENT_TARGET = 15.0;
				MTL_ENABLE_DEBUG_INFO = NO;
				MTL_FAST_MATH = YES;
				PRODUCT_NAME = "$(TARGET_NAME)";
				SDKROOT = iphoneos;
				SWIFT_COMPILATION_MODE = wholemodule;
				SWIFT_OPTIMIZATION_LEVEL = "-O";
				SWIFT_VERSION = 5.9;
			};
			name = Release;
		};
		E08080340A2065B8C9CBEA58 /* Release */ = {
			isa = XCBuildConfiguration;
			buildSettings = {
				ASSETCATALOG_COMPILER_APPICON_NAME = AppIcon;
				CODE_SIGN_ENTITLEMENTS = BioTrack/BioTrack.entitlements;
				CODE_SIGN_IDENTITY = "iPhone Developer";
				CURRENT_PROJECT_VERSION = 3;
				INFOPLIST_FILE = BioTrack/Info.plist;
				IPHONEOS_DEPLOYMENT_TARGET = 15.0;
				LD_RUNPATH_SEARCH_PATHS = (
					"$(inherited)",
					"@executable_path/Frameworks",
				);
				MARKETING_VERSION = 1.0.0;
				PRODUCT_BUNDLE_IDENTIFIER = com.fabienlopes.biotrack;
				SDKROOT = iphoneos;
				TARGETED_DEVICE_FAMILY = 1;
			};
			name = Release;
		};
		FC0ED5F3A1C4947C27409065 /* Debug */ = {
			isa = XCBuildConfiguration;
			buildSettings = {
				ASSETCATALOG_COMPILER_APPICON_NAME = AppIcon;
				CODE_SIGN_ENTITLEMENTS = BioTrack/BioTrack.entitlements;
				CODE_SIGN_IDENTITY = "iPhone Developer";
				CURRENT_PROJECT_VERSION = 3;
				INFOPLIST_FILE = BioTrack/Info.plist;
				IPHONEOS_DEPLOYMENT_TARGET = 15.0;
				LD_RUNPATH_SEARCH_PATHS = (
					"$(inherited)",
					"@executable_path/Frameworks",
				);
				MARKETING_VERSION = 1.0.0;
				PRODUCT_BUNDLE_IDENTIFIER = com.fabienlopes.biotrack;
				SDKROOT = iphoneos;
				TARGETED_DEVICE_FAMILY = 1;
			};
			name = Debug;
		};
/* End XCBuildConfiguration section */

/* Begin XCConfigurationList section */
		0BAFE5BE7B0539CF1558DE04 /* Build configuration list for PBXNativeTarget "BioTrackWidgetExtension" */ = {
			isa = XCConfigurationList;
			buildConfigurations = (
				7771AE49EEAFBECB3F854CFC /* Debug */,
				2EF6D828C275970A6EC98CB1 /* Release */,
			);
			defaultConfigurationIsVisible = 0;
			defaultConfigurationName = Debug;
		};
		11C0BB95386CAA55E3D9ED0B /* Build configuration list for PBXNativeTarget "BioTrack" */ = {
			isa = XCConfigurationList;
			buildConfigurations = (
				FC0ED5F3A1C4947C27409065 /* Debug */,
				E08080340A2065B8C9CBEA58 /* Release */,
			);
			defaultConfigurationIsVisible = 0;
			defaultConfigurationName = Debug;
		};
		6AD5C1E38F9793EFEB8A320A /* Build configuration list for PBXNativeTarget "BioTrackTests" */ = {
			isa = XCConfigurationList;
			buildConfigurations = (
				788D63003217C158E6FA2483 /* Debug */,
				325C2AE8CD1E1DB0FB49D734 /* Release */,
			);
			defaultConfigurationIsVisible = 0;
			defaultConfigurationName = Debug;
		};
		707139CCCC46F3D4C1FA0370 /* Build configuration list for PBXProject "BioTrack" */ = {
			isa = XCConfigurationList;
			buildConfigurations = (
				604EA4F5B1EC4F065C3C011A /* Debug */,
				A25AE941FF49B407B096E0C5 /* Release */,
			);
			defaultConfigurationIsVisible = 0;
			defaultConfigurationName = Debug;
		};
/* End XCConfigurationList section */
	};
	rootObject = 63CE1027556EA7F5402BC30B /* Project object */;
}
